// !$*UTF8*$!
{
	archiveVersion = 1;
	classes = {
	};
	objectVersion = 56;
	objects = {

/* Begin PBXBuildFile section */
		DFE5E0C42B20190F00E705E8 /* AppDelegate.swift in Sources */ = {isa = PBXBuildFile; fileRef = DFE5E0C32B20190F00E705E8 /* AppDelegate.swift */; };
		DFE5E0C62B20190F00E705E8 /* SceneDelegate.swift in Sources */ = {isa = PBXBuildFile; fileRef = DFE5E0C52B20190F00E705E8 /* SceneDelegate.swift */; };
		DFE5E0C82B20190F00E705E8 /* ViewController.swift in Sources */ = {isa = PBXBuildFile; fileRef = DFE5E0C72B20190F00E705E8 /* ViewController.swift */; };
		DFE5E0CB2B20190F00E705E8 /* Main.storyboard in Resources */ = {isa = PBXBuildFile; fileRef = DFE5E0C92B20190F00E705E8 /* Main.storyboard */; };
		DFE5E0D02B20191000E705E8 /* LaunchScreen.storyboard in Resources */ = {isa = PBXBuildFile; fileRef = DFE5E0CE2B20191000E705E8 /* LaunchScreen.storyboard */; };
		DFE5E0D82B201DD000E705E8 /* MovieCollectionViewCell.swift in Sources */ = {isa = PBXBuildFile; fileRef = DFE5E0D72B201DD000E705E8 /* MovieCollectionViewCell.swift */; };
		DFE5E0DA2B20218D00E705E8 /* Movie.swift in Sources */ = {isa = PBXBuildFile; fileRef = DFE5E0D92B20218D00E705E8 /* Movie.swift */; };
		DFE5E0DC2B2021A700E705E8 /* Assets.xcassets in Resources */ = {isa = PBXBuildFile; fileRef = DFE5E0DB2B2021A600E705E8 /* Assets.xcassets */; };
		DFE5E0DE2B202B2600E705E8 /* SecondViewController.swift in Sources */ = {isa = PBXBuildFile; fileRef = DFE5E0DD2B202B2600E705E8 /* SecondViewController.swift */; };
		DFE5E0E02B202C3700E705E8 /* User.swift in Sources */ = {isa = PBXBuildFile; fileRef = DFE5E0DF2B202C3700E705E8 /* User.swift */; };
		DFE5E0E52B202D6100E705E8 /* SecondCollectionViewCell.swift in Sources */ = {isa = PBXBuildFile; fileRef = DFE5E0E32B202D6100E705E8 /* SecondCollectionViewCell.swift */; };
		DFE5E0E62B202D6100E705E8 /* SecondCollectionViewCell.xib in Resources */ = {isa = PBXBuildFile; fileRef = DFE5E0E42B202D6100E705E8 /* SecondCollectionViewCell.xib */; };
		DFE5E0EB2B2033DB00E705E8 /* SecondHeaderView.swift in Sources */ = {isa = PBXBuildFile; fileRef = DFE5E0E92B2033DB00E705E8 /* SecondHeaderView.swift */; };
		DFE5E0EC2B2033DB00E705E8 /* SecondHeaderView.xib in Resources */ = {isa = PBXBuildFile; fileRef = DFE5E0EA2B2033DB00E705E8 /* SecondHeaderView.xib */; };
		DFE5E0F42B205D9C00E705E8 /* FirstTableViewController.swift in Sources */ = {isa = PBXBuildFile; fileRef = DFE5E0F32B205D9C00E705E8 /* FirstTableViewController.swift */; };
		DFE5E0F92B2061A200E705E8 /* FirstTableViewCell.swift in Sources */ = {isa = PBXBuildFile; fileRef = DFE5E0F72B2061A200E705E8 /* FirstTableViewCell.swift */; };
		DFE5E0FA2B2061A200E705E8 /* FirstTableViewCell.xib in Resources */ = {isa = PBXBuildFile; fileRef = DFE5E0F82B2061A200E705E8 /* FirstTableViewCell.xib */; };
		DFE5E0FC2B207AA700E705E8 /* DetailViewController.swift in Sources */ = {isa = PBXBuildFile; fileRef = DFE5E0FB2B207AA700E705E8 /* DetailViewController.swift */; };
/* End PBXBuildFile section */

/* Begin PBXFileReference section */
		DFE5E0C02B20190F00E705E8 /* MovieList.app */ = {isa = PBXFileReference; explicitFileType = wrapper.application; includeInIndex = 0; path = MovieList.app; sourceTree = BUILT_PRODUCTS_DIR; };
		DFE5E0C32B20190F00E705E8 /* AppDelegate.swift */ = {isa = PBXFileReference; lastKnownFileType = sourcecode.swift; path = AppDelegate.swift; sourceTree = "<group>"; };
		DFE5E0C52B20190F00E705E8 /* SceneDelegate.swift */ = {isa = PBXFileReference; lastKnownFileType = sourcecode.swift; path = SceneDelegate.swift; sourceTree = "<group>"; };
		DFE5E0C72B20190F00E705E8 /* ViewController.swift */ = {isa = PBXFileReference; lastKnownFileType = sourcecode.swift; path = ViewController.swift; sourceTree = "<group>"; };
		DFE5E0CA2B20190F00E705E8 /* Base */ = {isa = PBXFileReference; lastKnownFileType = file.storyboard; name = Base; path = Base.lproj/Main.storyboard; sourceTree = "<group>"; };
		DFE5E0CF2B20191000E705E8 /* Base */ = {isa = PBXFileReference; lastKnownFileType = file.storyboard; name = Base; path = Base.lproj/LaunchScreen.storyboard; sourceTree = "<group>"; };
		DFE5E0D12B20191000E705E8 /* Info.plist */ = {isa = PBXFileReference; lastKnownFileType = text.plist.xml; path = Info.plist; sourceTree = "<group>"; };
		DFE5E0D72B201DD000E705E8 /* MovieCollectionViewCell.swift */ = {isa = PBXFileReference; lastKnownFileType = sourcecode.swift; path = MovieCollectionViewCell.swift; sourceTree = "<group>"; };
		DFE5E0D92B20218D00E705E8 /* Movie.swift */ = {isa = PBXFileReference; fileEncoding = 4; lastKnownFileType = sourcecode.swift; path = Movie.swift; sourceTree = "<group>"; };
		DFE5E0DB2B2021A600E705E8 /* Assets.xcassets */ = {isa = PBXFileReference; lastKnownFileType = folder.assetcatalog; path = Assets.xcassets; sourceTree = "<group>"; };
		DFE5E0DD2B202B2600E705E8 /* SecondViewController.swift */ = {isa = PBXFileReference; lastKnownFileType = sourcecode.swift; path = SecondViewController.swift; sourceTree = "<group>"; };
		DFE5E0DF2B202C3700E705E8 /* User.swift */ = {isa = PBXFileReference; lastKnownFileType = sourcecode.swift; path = User.swift; sourceTree = "<group>"; };
		DFE5E0E32B202D6100E705E8 /* SecondCollectionViewCell.swift */ = {isa = PBXFileReference; lastKnownFileType = sourcecode.swift; path = SecondCollectionViewCell.swift; sourceTree = "<group>"; };
		DFE5E0E42B202D6100E705E8 /* SecondCollectionViewCell.xib */ = {isa = PBXFileReference; lastKnownFileType = file.xib; path = SecondCollectionViewCell.xib; sourceTree = "<group>"; };
		DFE5E0E92B2033DB00E705E8 /* SecondHeaderView.swift */ = {isa = PBXFileReference; lastKnownFileType = sourcecode.swift; path = SecondHeaderView.swift; sourceTree = "<group>"; };
		DFE5E0EA2B2033DB00E705E8 /* SecondHeaderView.xib */ = {isa = PBXFileReference; lastKnownFileType = file.xib; path = SecondHeaderView.xib; sourceTree = "<group>"; };
		DFE5E0F32B205D9C00E705E8 /* FirstTableViewController.swift */ = {isa = PBXFileReference; lastKnownFileType = sourcecode.swift; path = FirstTableViewController.swift; sourceTree = "<group>"; };
		DFE5E0F72B2061A200E705E8 /* FirstTableViewCell.swift */ = {isa = PBXFileReference; lastKnownFileType = sourcecode.swift; path = FirstTableViewCell.swift; sourceTree = "<group>"; };
		DFE5E0F82B2061A200E705E8 /* FirstTableViewCell.xib */ = {isa = PBXFileReference; lastKnownFileType = file.xib; path = FirstTableViewCell.xib; sourceTree = "<group>"; };
		DFE5E0FB2B207AA700E705E8 /* DetailViewController.swift */ = {isa = PBXFileReference; lastKnownFileType = sourcecode.swift; path = DetailViewController.swift; sourceTree = "<group>"; };
/* End PBXFileReference section */

/* Begin PBXFrameworksBuildPhase section */
		DFE5E0BD2B20190F00E705E8 /* Frameworks */ = {
			isa = PBXFrameworksBuildPhase;
			buildActionMask = 2147483647;
			files = (
			);
			runOnlyForDeploymentPostprocessing = 0;
		};
/* End PBXFrameworksBuildPhase section */

/* Begin PBXGroup section */
		DFE5E0B72B20190F00E705E8 = {
			isa = PBXGroup;
			children = (
				DFE5E0C22B20190F00E705E8 /* MovieList */,
				DFE5E0C12B20190F00E705E8 /* Products */,
			);
			sourceTree = "<group>";
		};
		DFE5E0C12B20190F00E705E8 /* Products */ = {
			isa = PBXGroup;
			children = (
				DFE5E0C02B20190F00E705E8 /* MovieList.app */,
			);
			name = Products;
			sourceTree = "<group>";
		};
		DFE5E0C22B20190F00E705E8 /* MovieList */ = {
			isa = PBXGroup;
			children = (
				DFE5E0F22B205D2700E705E8 /* TableViews */,
				DFE5E0EE2B205C7A00E705E8 /* Models */,
				DFE5E0ED2B205C6300E705E8 /* CollectionView */,
				DFE5E0C32B20190F00E705E8 /* AppDelegate.swift */,
				DFE5E0C52B20190F00E705E8 /* SceneDelegate.swift */,
				DFE5E0C92B20190F00E705E8 /* Main.storyboard */,
				DFE5E0DB2B2021A600E705E8 /* Assets.xcassets */,
				DFE5E0CE2B20191000E705E8 /* LaunchScreen.storyboard */,
				DFE5E0D12B20191000E705E8 /* Info.plist */,
			);
			path = MovieList;
			sourceTree = "<group>";
		};
		DFE5E0ED2B205C6300E705E8 /* CollectionView */ = {
			isa = PBXGroup;
			children = (
				DFE5E0F12B205D0C00E705E8 /* FirstView */,
				DFE5E0F02B205CA000E705E8 /* SecondView */,
			);
			path = CollectionView;
			sourceTree = "<group>";
		};
		DFE5E0EE2B205C7A00E705E8 /* Models */ = {
			isa = PBXGroup;
			children = (
				DFE5E0DF2B202C3700E705E8 /* User.swift */,
				DFE5E0D92B20218D00E705E8 /* Movie.swift */,
			);
			path = Models;
			sourceTree = "<group>";
		};
		DFE5E0F02B205CA000E705E8 /* SecondView */ = {
			isa = PBXGroup;
			children = (
				DFE5E0EA2B2033DB00E705E8 /* SecondHeaderView.xib */,
				DFE5E0E32B202D6100E705E8 /* SecondCollectionViewCell.swift */,
				DFE5E0E42B202D6100E705E8 /* SecondCollectionViewCell.xib */,
				DFE5E0DD2B202B2600E705E8 /* SecondViewController.swift */,
				DFE5E0E92B2033DB00E705E8 /* SecondHeaderView.swift */,
			);
			path = SecondView;
			sourceTree = "<group>";
		};
		DFE5E0F12B205D0C00E705E8 /* FirstView */ = {
			isa = PBXGroup;
			children = (
				DFE5E0C72B20190F00E705E8 /* ViewController.swift */,
				DFE5E0D72B201DD000E705E8 /* MovieCollectionViewCell.swift */,
			);
			path = FirstView;
			sourceTree = "<group>";
		};
		DFE5E0F22B205D2700E705E8 /* TableViews */ = {
			isa = PBXGroup;
			children = (
				DFE5E0F32B205D9C00E705E8 /* FirstTableViewController.swift */,
				DFE5E0F72B2061A200E705E8 /* FirstTableViewCell.swift */,
				DFE5E0FB2B207AA700E705E8 /* DetailViewController.swift */,
				DFE5E0F82B2061A200E705E8 /* FirstTableViewCell.xib */,
			);
			path = TableViews;
			sourceTree = "<group>";
		};
/* End PBXGroup section */

/* Begin PBXNativeTarget section */
		DFE5E0BF2B20190F00E705E8 /* MovieList */ = {
			isa = PBXNativeTarget;
			buildConfigurationList = DFE5E0D42B20191000E705E8 /* Build configuration list for PBXNativeTarget "MovieList" */;
			buildPhases = (
				DFE5E0BC2B20190F00E705E8 /* Sources */,
				DFE5E0BD2B20190F00E705E8 /* Frameworks */,
				DFE5E0BE2B20190F00E705E8 /* Resources */,
			);
			buildRules = (
			);
			dependencies = (
			);
			name = MovieList;
			productName = MovieList;
			productReference = DFE5E0C02B20190F00E705E8 /* MovieList.app */;
			productType = "com.apple.product-type.application";
		};
/* End PBXNativeTarget section */

/* Begin PBXProject section */
		DFE5E0B82B20190F00E705E8 /* Project object */ = {
			isa = PBXProject;
			attributes = {
				BuildIndependentTargetsInParallel = 1;
				LastSwiftUpdateCheck = 1420;
				LastUpgradeCheck = 1420;
				TargetAttributes = {
					DFE5E0BF2B20190F00E705E8 = {
						CreatedOnToolsVersion = 14.2;
					};
				};
			};
			buildConfigurationList = DFE5E0BB2B20190F00E705E8 /* Build configuration list for PBXProject "MovieList" */;
			compatibilityVersion = "Xcode 14.0";
			developmentRegion = en;
			hasScannedForEncodings = 0;
			knownRegions = (
				en,
				Base,
			);
			mainGroup = DFE5E0B72B20190F00E705E8;
			productRefGroup = DFE5E0C12B20190F00E705E8 /* Products */;
			projectDirPath = "";
			projectRoot = "";
			targets = (
				DFE5E0BF2B20190F00E705E8 /* MovieList */,
			);
		};
/* End PBXProject section */

/* Begin PBXResourcesBuildPhase section */
		DFE5E0BE2B20190F00E705E8 /* Resources */ = {
			isa = PBXResourcesBuildPhase;
			buildActionMask = 2147483647;
			files = (
				DFE5E0EC2B2033DB00E705E8 /* SecondHeaderView.xib in Resources */,
				DFE5E0E62B202D6100E705E8 /* SecondCollectionViewCell.xib in Resources */,
				DFE5E0D02B20191000E705E8 /* LaunchScreen.storyboard in Resources */,
				DFE5E0DC2B2021A700E705E8 /* Assets.xcassets in Resources */,
				DFE5E0FA2B2061A200E705E8 /* FirstTableViewCell.xib in Resources */,
				DFE5E0CB2B20190F00E705E8 /* Main.storyboard in Resources */,
			);
			runOnlyForDeploymentPostprocessing = 0;
		};
/* End PBXResourcesBuildPhase section */

/* Begin PBXSourcesBuildPhase section */
		DFE5E0BC2B20190F00E705E8 /* Sources */ = {
			isa = PBXSourcesBuildPhase;
			buildActionMask = 2147483647;
			files = (
				DFE5E0DE2B202B2600E705E8 /* SecondViewController.swift in Sources */,
				DFE5E0C82B20190F00E705E8 /* ViewController.swift in Sources */,
				DFE5E0C42B20190F00E705E8 /* AppDelegate.swift in Sources */,
				DFE5E0FC2B207AA700E705E8 /* DetailViewController.swift in Sources */,
				DFE5E0C62B20190F00E705E8 /* SceneDelegate.swift in Sources */,
				DFE5E0F42B205D9C00E705E8 /* FirstTableViewController.swift in Sources */,
				DFE5E0E52B202D6100E705E8 /* SecondCollectionViewCell.swift in Sources */,
				DFE5E0D82B201DD000E705E8 /* MovieCollectionViewCell.swift in Sources */,
				DFE5E0EB2B2033DB00E705E8 /* SecondHeaderView.swift in Sources */,
				DFE5E0F92B2061A200E705E8 /* FirstTableViewCell.swift in Sources */,
				DFE5E0DA2B20218D00E705E8 /* Movie.swift in Sources */,
				DFE5E0E02B202C3700E705E8 /* User.swift in Sources */,
			);
			runOnlyForDeploymentPostprocessing = 0;
		};
/* End PBXSourcesBuildPhase section */

/* Begin PBXVariantGroup section */
		DFE5E0C92B20190F00E705E8 /* Main.storyboard */ = {
			isa = PBXVariantGroup;
			children = (
				DFE5E0CA2B20190F00E705E8 /* Base */,
			);
			name = Main.storyboard;
			sourceTree = "<group>";
		};
		DFE5E0CE2B20191000E705E8 /* LaunchScreen.storyboard */ = {
			isa = PBXVariantGroup;
			children = (
				DFE5E0CF2B20191000E705E8 /* Base */,
			);
			name = LaunchScreen.storyboard;
			sourceTree = "<group>";
		};
/* End PBXVariantGroup section */

/* Begin XCBuildConfiguration section */
		DFE5E0D22B20191000E705E8 /* Debug */ = {
			isa = XCBuildConfiguration;
			buildSettings = {
				ALWAYS_SEARCH_USER_PATHS = NO;
				CLANG_ANALYZER_NONNULL = YES;
				CLANG_ANALYZER_NUMBER_OBJECT_CONVERSION = YES_AGGRESSIVE;
				CLANG_CXX_LANGUAGE_STANDARD = "gnu++20";
				CLANG_ENABLE_MODULES = YES;
				CLANG_ENABLE_OBJC_ARC = YES;
				CLANG_ENABLE_OBJC_WEAK = YES;
				CLANG_WARN_BLOCK_CAPTURE_AUTORELEASING = YES;
				CLANG_WARN_BOOL_CONVERSION = YES;
				CLANG_WARN_COMMA = YES;
				CLANG_WARN_CONSTANT_CONVERSION = YES;
				CLANG_WARN_DEPRECATED_OBJC_IMPLEMENTATIONS = YES;
				CLANG_WARN_DIRECT_OBJC_ISA_USAGE = YES_ERROR;
				CLANG_WARN_DOCUMENTATION_COMMENTS = YES;
				CLANG_WARN_EMPTY_BODY = YES;
				CLANG_WARN_ENUM_CONVERSION = YES;
				CLANG_WARN_INFINITE_RECURSION = YES;
				CLANG_WARN_INT_CONVERSION = YES;
				CLANG_WARN_NON_LITERAL_NULL_CONVERSION = YES;
				CLANG_WARN_OBJC_IMPLICIT_RETAIN_SELF = YES;
				CLANG_WARN_OBJC_LITERAL_CONVERSION = YES;
				CLANG_WARN_OBJC_ROOT_CLASS = YES_ERROR;
				CLANG_WARN_QUOTED_INCLUDE_IN_FRAMEWORK_HEADER = YES;
				CLANG_WARN_RANGE_LOOP_ANALYSIS = YES;
				CLANG_WARN_STRICT_PROTOTYPES = YES;
				CLANG_WARN_SUSPICIOUS_MOVE = YES;
				CLANG_WARN_UNGUARDED_AVAILABILITY = YES_AGGRESSIVE;
				CLANG_WARN_UNREACHABLE_CODE = YES;
				CLANG_WARN__DUPLICATE_METHOD_MATCH = YES;
				COPY_PHASE_STRIP = NO;
				DEBUG_INFORMATION_FORMAT = dwarf;
				ENABLE_STRICT_OBJC_MSGSEND = YES;
				ENABLE_TESTABILITY = YES;
				GCC_C_LANGUAGE_STANDARD = gnu11;
				GCC_DYNAMIC_NO_PIC = NO;
				GCC_NO_COMMON_BLOCKS = YES;
				GCC_OPTIMIZATION_LEVEL = 0;
				GCC_PREPROCESSOR_DEFINITIONS = (
					"DEBUG=1",
					"$(inherited)",
				);
				GCC_WARN_64_TO_32_BIT_CONVERSION = YES;
				GCC_WARN_ABOUT_RETURN_TYPE = YES_ERROR;
				GCC_WARN_UNDECLARED_SELECTOR = YES;
				GCC_WARN_UNINITIALIZED_AUTOS = YES_AGGRESSIVE;
				GCC_WARN_UNUSED_FUNCTION = YES;
				GCC_WARN_UNUSED_VARIABLE = YES;
				IPHONEOS_DEPLOYMENT_TARGET = 16.2;
				MTL_ENABLE_DEBUG_INFO = INCLUDE_SOURCE;
				MTL_FAST_MATH = YES;
				ONLY_ACTIVE_ARCH = YES;
				SDKROOT = iphoneos;
				SWIFT_ACTIVE_COMPILATION_CONDITIONS = DEBUG;
				SWIFT_OPTIMIZATION_LEVEL = "-Onone";
			};
			name = Debug;
		};
		DFE5E0D32B20191000E705E8 /* Release */ = {
			isa = XCBuildConfiguration;
			buildSettings = {
				ALWAYS_SEARCH_USER_PATHS = NO;
				CLANG_ANALYZER_NONNULL = YES;
				CLANG_ANALYZER_NUMBER_OBJECT_CONVERSION = YES_AGGRESSIVE;
				CLANG_CXX_LANGUAGE_STANDARD = "gnu++20";
				CLANG_ENABLE_MODULES = YES;
				CLANG_ENABLE_OBJC_ARC = YES;
				CLANG_ENABLE_OBJC_WEAK = YES;
				CLANG_WARN_BLOCK_CAPTURE_AUTORELEASING = YES;
				CLANG_WARN_BOOL_CONVERSION = YES;
				CLANG_WARN_COMMA = YES;
				CLANG_WARN_CONSTANT_CONVERSION = YES;
				CLANG_WARN_DEPRECATED_OBJC_IMPLEMENTATIONS = YES;
				CLANG_WARN_DIRECT_OBJC_ISA_USAGE = YES_ERROR;
				CLANG_WARN_DOCUMENTATION_COMMENTS = YES;
				CLANG_WARN_EMPTY_BODY = YES;
				CLANG_WARN_ENUM_CONVERSION = YES;
				CLANG_WARN_INFINITE_RECURSION = YES;
				CLANG_WARN_INT_CONVERSION = YES;
				CLANG_WARN_NON_LITERAL_NULL_CONVERSION = YES;
				CLANG_WARN_OBJC_IMPLICIT_RETAIN_SELF = YES;
				CLANG_WARN_OBJC_LITERAL_CONVERSION = YES;
				CLANG_WARN_OBJC_ROOT_CLASS = YES_ERROR;
				CLANG_WARN_QUOTED_INCLUDE_IN_FRAMEWORK_HEADER = YES;
				CLANG_WARN_RANGE_LOOP_ANALYSIS = YES;
				CLANG_WARN_STRICT_PROTOTYPES = YES;
				CLANG_WARN_SUSPICIOUS_MOVE = YES;
				CLANG_WARN_UNGUARDED_AVAILABILITY = YES_AGGRESSIVE;
				CLANG_WARN_UNREACHABLE_CODE = YES;
				CLANG_WARN__DUPLICATE_METHOD_MATCH = YES;
				COPY_PHASE_STRIP = NO;
				DEBUG_INFORMATION_FORMAT = "dwarf-with-dsym";
				ENABLE_NS_ASSERTIONS = NO;
				ENABLE_STRICT_OBJC_MSGSEND = YES;
				GCC_C_LANGUAGE_STANDARD = gnu11;
				GCC_NO_COMMON_BLOCKS = YES;
				GCC_WARN_64_TO_32_BIT_CONVERSION = YES;
				GCC_WARN_ABOUT_RETURN_TYPE = YES_ERROR;
				GCC_WARN_UNDECLARED_SELECTOR = YES;
				GCC_WARN_UNINITIALIZED_AUTOS = YES_AGGRESSIVE;
				GCC_WARN_UNUSED_FUNCTION = YES;
				GCC_WARN_UNUSED_VARIABLE = YES;
				IPHONEOS_DEPLOYMENT_TARGET = 16.2;
				MTL_ENABLE_DEBUG_INFO = NO;
				MTL_FAST_MATH = YES;
				SDKROOT = iphoneos;
				SWIFT_COMPILATION_MODE = wholemodule;
				SWIFT_OPTIMIZATION_LEVEL = "-O";
				VALIDATE_PRODUCT = YES;
			};
			name = Release;
		};
		DFE5E0D52B20191000E705E8 /* Debug */ = {
			isa = XCBuildConfiguration;
			buildSettings = {
				ASSETCATALOG_COMPILER_APPICON_NAME = AppIcon;
				ASSETCATALOG_COMPILER_GLOBAL_ACCENT_COLOR_NAME = AccentColor;
				CODE_SIGN_STYLE = Automatic;
				CURRENT_PROJECT_VERSION = 1;
				GENERATE_INFOPLIST_FILE = YES;
				INFOPLIST_FILE = MovieList/Info.plist;
				INFOPLIST_KEY_UIApplicationSupportsIndirectInputEvents = YES;
				INFOPLIST_KEY_UILaunchStoryboardName = LaunchScreen;
				INFOPLIST_KEY_UIMainStoryboardFile = Main;
				INFOPLIST_KEY_UISupportedInterfaceOrientations_iPad = "UIInterfaceOrientationPortrait UIInterfaceOrientationPortraitUpsideDown UIInterfaceOrientationLandscapeLeft UIInterfaceOrientationLandscapeRight";
				INFOPLIST_KEY_UISupportedInterfaceOrientations_iPhone = "UIInterfaceOrientationPortrait UIInterfaceOrientationLandscapeLeft UIInterfaceOrientationLandscapeRight";
				LD_RUNPATH_SEARCH_PATHS = (
					"$(inherited)",
					"@executable_path/Frameworks",
				);
				MARKETING_VERSION = 1.0;
				PRODUCT_BUNDLE_IDENTIFIER = com.nhi.MovieList;
				PRODUCT_NAME = "$(TARGET_NAME)";
				SWIFT_EMIT_LOC_STRINGS = YES;
				SWIFT_VERSION = 5.0;
				TARGETED_DEVICE_FAMILY = "1,2";
			};
			name = Debug;
		};
		DFE5E0D62B20191000E705E8 /* Release */ = {
			isa = XCBuildConfiguration;
			buildSettings = {
				ASSETCATALOG_COMPILER_APPICON_NAME = AppIcon;
				ASSETCATALOG_COMPILER_GLOBAL_ACCENT_COLOR_NAME = AccentColor;
				CODE_SIGN_STYLE = Automatic;
				CURRENT_PROJECT_VERSION = 1;
				GENERATE_INFOPLIST_FILE = YES;
				INFOPLIST_FILE = MovieList/Info.plist;
				INFOPLIST_KEY_UIApplicationSupportsIndirectInputEvents = YES;
				INFOPLIST_KEY_UILaunchStoryboardName = LaunchScreen;
				INFOPLIST_KEY_UIMainStoryboardFile = Main;
				INFOPLIST_KEY_UISupportedInterfaceOrientations_iPad = "UIInterfaceOrientationPortrait UIInterfaceOrientationPortraitUpsideDown UIInterfaceOrientationLandscapeLeft UIInterfaceOrientationLandscapeRight";
				INFOPLIST_KEY_UISupportedInterfaceOrientations_iPhone = "UIInterfaceOrientationPortrait UIInterfaceOrientationLandscapeLeft UIInterfaceOrientationLandscapeRight";
				LD_RUNPATH_SEARCH_PATHS = (
					"$(inherited)",
					"@executable_path/Frameworks",
				);
				MARKETING_VERSION = 1.0;
				PRODUCT_BUNDLE_IDENTIFIER = com.nhi.MovieList;
				PRODUCT_NAME = "$(TARGET_NAME)";
				SWIFT_EMIT_LOC_STRINGS = YES;
				SWIFT_VERSION = 5.0;
				TARGETED_DEVICE_FAMILY = "1,2";
			};
			name = Release;
		};
/* End XCBuildConfiguration section */

/* Begin XCConfigurationList section */
		DFE5E0BB2B20190F00E705E8 /* Build configuration list for PBXProject "MovieList" */ = {
			isa = XCConfigurationList;
			buildConfigurations = (
				DFE5E0D22B20191000E705E8 /* Debug */,
				DFE5E0D32B20191000E705E8 /* Release */,
			);
			defaultConfigurationIsVisible = 0;
			defaultConfigurationName = Release;
		};
		DFE5E0D42B20191000E705E8 /* Build configuration list for PBXNativeTarget "MovieList" */ = {
			isa = XCConfigurationList;
			buildConfigurations = (
				DFE5E0D52B20191000E705E8 /* Debug */,
				DFE5E0D62B20191000E705E8 /* Release */,
			);
			defaultConfigurationIsVisible = 0;
			defaultConfigurationName = Release;
		};
/* End XCConfigurationList section */
	};
	rootObject = DFE5E0B82B20190F00E705E8 /* Project object */;
}
